
Microsoft Visual Studio Solution File, Format Version 12.00
# Visual Studio Version 17
VisualStudioVersion = 17.6.33829.357
MinimumVisualStudioVersion = 10.0.40219.1
Project("{FAE04EC0-301F-11D3-BF4B-00C04F79EFBC}") = "PR1_git", "PR1_git.csproj", "{82F296DB-9148-4F3B-8070-796B53EEC4A6}"
EndProject
Global
	GlobalSection(SolutionConfigurationPlatforms) = preSolution
		Debug|Any CPU = Debug|Any CPU
		Release|Any CPU = Release|Any CPU
	EndGlobalSection
	GlobalSection(ProjectConfigurationPlatforms) = postSolution
		{82F296DB-9148-4F3B-8070-796B53EEC4A6}.Debug|Any CPU.ActiveCfg = Debug|Any CPU
		{82F296DB-9148-4F3B-8070-796B53EEC4A6}.Debug|Any CPU.Build.0 = Debug|Any CPU
		{82F296DB-9148-4F3B-8070-796B53EEC4A6}.Release|Any CPU.ActiveCfg = Release|Any CPU
		{82F296DB-9148-4F3B-8070-796B53EEC4A6}.Release|Any CPU.Build.0 = Release|Any CPU
	EndGlobalSection
	GlobalSection(SolutionProperties) = preSolution
		HideSolutionNode = FALSE
	EndGlobalSection
	GlobalSection(ExtensibilityGlobals) = postSolution
		SolutionGuid = {EC92796C-3F25-4585-8A74-4E6B234B086F}
	EndGlobalSection
EndGlobal
